
Microsoft Visual Studio Solution File, Format Version 12.00
# Visual Studio Version 17
VisualStudioVersion = 17.4.33110.190
MinimumVisualStudioVersion = 10.0.40219.1
Project("{FAE04EC0-301F-11D3-BF4B-00C04F79EFBC}") = "ArchivosTarea", "ArchivosTarea\ArchivosTarea.csproj", "{49250BEF-0D5F-46FA-86AA-A97C8BE96938}"
EndProject
Global
	GlobalSection(SolutionConfigurationPlatforms) = preSolution
		Debug|Any CPU = Debug|Any CPU
		Release|Any CPU = Release|Any CPU
	EndGlobalSection
	GlobalSection(ProjectConfigurationPlatforms) = postSolution
		{49250BEF-0D5F-46FA-86AA-A97C8BE96938}.Debug|Any CPU.ActiveCfg = Debug|Any CPU
		{49250BEF-0D5F-46FA-86AA-A97C8BE96938}.Debug|Any CPU.Build.0 = Debug|Any CPU
		{49250BEF-0D5F-46FA-86AA-A97C8BE96938}.Release|Any CPU.ActiveCfg = Release|Any CPU
		{49250BEF-0D5F-46FA-86AA-A97C8BE96938}.Release|Any CPU.Build.0 = Release|Any CPU
	EndGlobalSection
	GlobalSection(SolutionProperties) = preSolution
		HideSolutionNode = FALSE
	EndGlobalSection
	GlobalSection(ExtensibilityGlobals) = postSolution
		SolutionGuid = {008CEE3B-2825-4430-BDA0-E4F3CD5D252B}
	EndGlobalSection
EndGlobal
